
Microsoft Visual Studio Solution File, Format Version 12.00
# Visual Studio Version 17
VisualStudioVersion = 17.3.32819.101
MinimumVisualStudioVersion = 10.0.40219.1
Project("{9A19103F-16F7-4668-BE54-9A1E7A4F7556}") = "Blackjack Game", "Blackjack Game\Blackjack Game.csproj", "{110D737D-920B-4F8B-AA20-B8B6A7CABDED}"
EndProject
Global
	GlobalSection(SolutionConfigurationPlatforms) = preSolution
		Debug|Any CPU = Debug|Any CPU
		Release|Any CPU = Release|Any CPU
	EndGlobalSection
	GlobalSection(ProjectConfigurationPlatforms) = postSolution
		{110D737D-920B-4F8B-AA20-B8B6A7CABDED}.Debug|Any CPU.ActiveCfg = Debug|Any CPU
		{110D737D-920B-4F8B-AA20-B8B6A7CABDED}.Debug|Any CPU.Build.0 = Debug|Any CPU
		{110D737D-920B-4F8B-AA20-B8B6A7CABDED}.Release|Any CPU.ActiveCfg = Release|Any CPU
		{110D737D-920B-4F8B-AA20-B8B6A7CABDED}.Release|Any CPU.Build.0 = Release|Any CPU
	EndGlobalSection
	GlobalSection(SolutionProperties) = preSolution
		HideSolutionNode = FALSE
	EndGlobalSection
	GlobalSection(ExtensibilityGlobals) = postSolution
		SolutionGuid = {2E7A2794-EA34-4D17-B16D-1A33738E5CE8}
	EndGlobalSection
EndGlobal
